{
  "version": 1,
  "dependencies": {
    "net10.0": {
      "Duende.IdentityModel.OidcClient": {
        "type": "Direct",
        "requested": "[7.1.0, )",
        "resolved": "7.1.0",
        "contentHash": "5i/eSXgMtqM01ntFZ4pMRkJu8VaLATZL0Ck87XlVUy8SFHy0+n2WuK9LkqT6VLhT4z/We10hoguv6pTH1iUz6g==",
        "dependencies": {
          "Duende.IdentityModel": "8.1.0"
        }
      },
      "Jellyfin.Controller": {
        "type": "Direct",
        "requested": "[10.11.0, )",
        "resolved": "10.11.0",
        "contentHash": "WV+PQy9AHdZLvYqUsNq6ZyQoxaiaEWLz0EwZGOiu8xSrepQLFope2U1VFHVCNbARwesg7s/B+9uB03eXDsQw9w==",
        "dependencies": {
          "BitFaster.Caching": "2.5.4",
          "Jellyfin.Common": "10.11.0",
          "Jellyfin.MediaEncoding.Keyframes": "10.11.0",
          "Jellyfin.Model": "10.11.0",
          "Jellyfin.Naming": "10.11.0"
        }
      },
      "Jellyfin.Model": {
        "type": "Direct",
        "requested": "[10.11.0, )",
        "resolved": "10.11.0",
        "contentHash": "h+61RSXn4sk8fS6Zx9RkDyVnI5VnNbrsR2p8WcvybtNSW2pgU2uZ9pwEv2awD3ifX69weqYpQLMh91f6aidW2A==",
        "dependencies": {
          "Jellyfin.Data": "10.11.0",
          "Jellyfin.Extensions": "10.11.0"
        }
      },
      "Meziantou.Analyzer": {
        "type": "Direct",
        "requested": "[3.0.122, )",
        "resolved": "3.0.122",
        "contentHash": "bmo+TIK9fLG/NzlZ2Qi5lto2jG/N6/zmc7gDVp5uzvVmnDKMV5SmUR7jToSbx/oqTPMV3ajyCmo2kFBdPDlU0A=="
      },
      "Microsoft.IdentityModel.JsonWebTokens": {
        "type": "Direct",
        "requested": "[8.19.1, )",
        "resolved": "8.19.1",
        "contentHash": "6eeY+y2QFyjj3XnCz/8gJdoP5smYHTS9ow1bw2nsZzDIPjPhBZlackYTIduSMipVpxnoT/B62LkrXX2jPggOXg==",
        "dependencies": {
          "Microsoft.IdentityModel.Tokens": "8.19.1"
        }
      },
      "Newtonsoft.Json": {
        "type": "Direct",
        "requested": "[13.0.4, )",
        "resolved": "13.0.4",
        "contentHash": "pdgNNMai3zv51W5aq268sujXUyx7SNdE2bj1wZcWjAQrKMFZV260lbqYop1d2GM67JI1huLRwxo9ZqnfF/lC6A=="
      },
      "Roslynator.Analyzers": {
        "type": "Direct",
        "requested": "[4.15.0, )",
        "resolved": "4.15.0",
        "contentHash": "E8fu71Y+vzhniJKy1K13Rzwm8Vjcj7CDFBpflqncKUZfc3SzuF0kMBiyMmgXNPkjWTdE3Z+30HlGgYjHONZY/Q=="
      },
      "SerilogAnalyzer": {
        "type": "Direct",
        "requested": "[0.15.0, )",
        "resolved": "0.15.0",
        "contentHash": "sVpwfls4MfNnwIXLSGCgaUnV+c9kgJ8ia6GsyRcpd4Vs3gLogSDtSYBYrre2K2u/PNMo8GgG09RehwVnze70Tw=="
      },
      "SmartAnalyzers.MultithreadingAnalyzer": {
        "type": "Direct",
        "requested": "[1.1.31, )",
        "resolved": "1.1.31",
        "contentHash": "2f2k7bbhDd132ArglCKpzKoWBcp3uzbIFcb4aosnlqIKlfYKDE2HevBVRNVa+LkWFnjXFFWs47Bo96fu8iS//Q=="
      },
      "StyleCop.Analyzers": {
        "type": "Direct",
        "requested": "[1.2.0-beta.556, )",
        "resolved": "1.2.0-beta.556",
        "contentHash": "llRPgmA1fhC0I0QyFLEcjvtM2239QzKr/tcnbsjArLMJxJlu0AA5G7Fft0OI30pHF3MW63Gf4aSSsjc5m82J1Q==",
        "dependencies": {
          "StyleCop.Analyzers.Unstable": "1.2.0.556"
        }
      },
      "System.Security.Cryptography.Xml": {
        "type": "Direct",
        "requested": "[10.0.9, )",
        "resolved": "10.0.9",
        "contentHash": "RxJRvzbS1rZpGF8389e+TEwTMHIhkNHEUQuAyN2oQkCGsZZ/EKhUUViwteKrs3IeHRzoJPqzB3Z1lJsQg3+Nxg==",
        "dependencies": {
          "System.Security.Cryptography.Pkcs": "10.0.9"
        }
      },
      "BitFaster.Caching": {
        "type": "Transitive",
        "resolved": "2.5.4",
        "contentHash": "1QroTY1PVCZOSG9FnkkCrmCKk/+bZCgI/YXq376HnYwUDJ4Ho0EaV4YaA/5v5WYLnwIwIO7RZkdWbg9pxIpueQ=="
      },
      "Diacritics": {
        "type": "Transitive",
        "resolved": "4.0.17",
        "contentHash": "FmMvVQRsfon+x5P+dxz4mvV8wt45xr25EAOCkuo/Cjtc7lVYV5cZUSsNXwmKQpwO+TokIHpzxb8ENpqrm4yBlQ=="
      },
      "Duende.IdentityModel": {
        "type": "Transitive",
        "resolved": "8.1.0",
        "contentHash": "ncmC2ISg0efTqY74xI6gaLKlv4mErT5ruYK262dkSnAv07g9qYC2++q7AWWs1FyP2c0YZ6LvUtcoJmxZqYyVrA=="
      },
      "ICU4N": {
        "type": "Transitive",
        "resolved": "60.1.0-alpha.356",
        "contentHash": "YMZtDnjcqWzziOKiE7w6Ma7Rl5vuFDxzOsUlHh1QyfghbNEIZQOLRs9MMfwCWAjX6n9UitrF6vLXy55Z5q+4Fg==",
        "dependencies": {
          "J2N": "2.0.0"
        }
      },
      "ICU4N.Transliterator": {
        "type": "Transitive",
        "resolved": "60.1.0-alpha.356",
        "contentHash": "lFOSO6bbEtB6HkWMNDJAq+rFwVyi9g6xVc5O/2xHa6iZnV7wLVDqCbaQ4W4vIeBSQZAafqhxciaEkmAvSdzlCg==",
        "dependencies": {
          "ICU4N": "60.1.0-alpha.356"
        }
      },
      "J2N": {
        "type": "Transitive",
        "resolved": "2.0.0",
        "contentHash": "M5bwDajAARZiyqupU+rHQJnsVLxNBOHJ8vKYHd8LcLIb1FgLfzzcJvc31Qo5Xz/GEHFjDF9ScjKL/ks/zRTXuA=="
      },
      "Jellyfin.Common": {
        "type": "Transitive",
        "resolved": "10.11.0",
        "contentHash": "TitN7+qWFt2l0V5b+KTRt7ABDCvfZdvSC6qBG1uHS18Y80xrbrSCJ9O6BH/of310h6a4lxKlQjUtTPHCzeG2AA==",
        "dependencies": {
          "Jellyfin.Model": "10.11.0"
        }
      },
      "Jellyfin.Data": {
        "type": "Transitive",
        "resolved": "10.11.0",
        "contentHash": "YEz7/85b98Rj14IJJIVqmzJsi69LDOKo4Ox+VHbh1vj3tkWomSPayzvG3kyU8I0yFMrd6+Ta55C20kZ2XC7vQg==",
        "dependencies": {
          "Jellyfin.Database.Implementations": "10.11.0"
        }
      },
      "Jellyfin.Database.Implementations": {
        "type": "Transitive",
        "resolved": "10.11.0",
        "contentHash": "oLblVZzqF9zuLMdfqp8pbusSVQq6b40/RcHjGF1hxYozVNEi+UhiDX8aJipYBOrh33FFAofoQq468BvZixpPcw==",
        "dependencies": {
          "Microsoft.EntityFrameworkCore.Relational": "9.0.10",
          "Polly": "8.6.4"
        }
      },
      "Jellyfin.Extensions": {
        "type": "Transitive",
        "resolved": "10.11.0",
        "contentHash": "1ufj+Rm0Bn6C990i2wwiT5UHPZfD65GOtJK6NcDU//DDMbuoGX1LQZxuCx+rhhRg1XdHPWzYASARYyNlFQa6cg==",
        "dependencies": {
          "Diacritics": "4.0.17",
          "ICU4N.Transliterator": "60.1.0-alpha.356"
        }
      },
      "Jellyfin.MediaEncoding.Keyframes": {
        "type": "Transitive",
        "resolved": "10.11.0",
        "contentHash": "/OBcg4Qj825elOGNj5bNRfABKzfAf4qNQj0/d/DwhG/+V/wsKuxS0Pc/xOEagVVjXOnqGPZz/+k8D4UvnvMoHw==",
        "dependencies": {
          "NEbml": "1.1.0.5"
        }
      },
      "Jellyfin.Naming": {
        "type": "Transitive",
        "resolved": "10.11.0",
        "contentHash": "2++xSbhdFSb1J3XySjC6UU+uII6OdKc0DfkYx/E1oN7mSjoftyZR8eU045kVWBwsAxr+UcMI6t2DYfES2tJkRA==",
        "dependencies": {
          "Jellyfin.Common": "10.11.0",
          "Jellyfin.Model": "10.11.0"
        }
      },
      "Microsoft.Bcl.Cryptography": {
        "type": "Transitive",
        "resolved": "10.0.2",
        "contentHash": "LG9Yll3B5aNpxv0+D47g6LiOiKBIlodhcHdQwcYzo8VeexFLGqx5ymetmA2aBRyo9cCcWsQWrFsdbsr8LvmWDw=="
      },
      "Microsoft.EntityFrameworkCore": {
        "type": "Transitive",
        "resolved": "9.0.10",
        "contentHash": "WjjxVyOTVs85V7SUe+lZjtGOEeVzF4RO8amrqL4adgbyThNq7vGCFzPw8buZj44gHeQYD5V/uZ/6XuqG9Jq+kA==",
        "dependencies": {
          "Microsoft.EntityFrameworkCore.Abstractions": "9.0.10",
          "Microsoft.EntityFrameworkCore.Analyzers": "9.0.10"
        }
      },
      "Microsoft.EntityFrameworkCore.Abstractions": {
        "type": "Transitive",
        "resolved": "9.0.10",
        "contentHash": "I3TWAs5Lbzmzu8S0T6qXhzBiO3CznYLrfE59W0npkqNHfWGH8CgA66LrHMWxWOXVTD4145QwYqiWNCdLwpJ1Ew=="
      },
      "Microsoft.EntityFrameworkCore.Analyzers": {
        "type": "Transitive",
        "resolved": "9.0.10",
        "contentHash": "mXNl0Gg3l3zGrClLCHepB+b7rYVuFfB9qQJwya0dUSHFuR1T0jMD8KxuNVyhQSfoWIepanhzjcG8TUNGXOcU0Q=="
      },
      "Microsoft.EntityFrameworkCore.Relational": {
        "type": "Transitive",
        "resolved": "9.0.10",
        "contentHash": "IJNrG5vdmFUvHR8FLLFg9AWpuE8qW1DTEN+fNLGbNTu6cnpZzzqU6+aknAGtTSAEVWosJ3BZ3TOO9wpifUvv3A==",
        "dependencies": {
          "Microsoft.EntityFrameworkCore": "9.0.10"
        }
      },
      "Microsoft.IdentityModel.Abstractions": {
        "type": "Transitive",
        "resolved": "8.19.1",
        "contentHash": "gFA8THIk23uNF/vMdOHnjIdXD1LyA2g12cHzMJ+Xag6WpgWLw6E/6uCXxvA0gp9d2yAvkRt3xzFzMUiO/hofnQ=="
      },
      "Microsoft.IdentityModel.Logging": {
        "type": "Transitive",
        "resolved": "8.19.1",
        "contentHash": "H+sMrMpdbWnwkQnpb/ESkQovtOgdefmj0ecGCcP40mDKzE5i4dUYkH6599M9mWYFNGNJnTp92l/9wLubYXWimw==",
        "dependencies": {
          "Microsoft.IdentityModel.Abstractions": "8.19.1"
        }
      },
      "Microsoft.IdentityModel.Tokens": {
        "type": "Transitive",
        "resolved": "8.19.1",
        "contentHash": "KDiuSLXud2AFVNAOottd8ztVysfPeHyr4r8gofU3/VKUXlI7oytzGTnPsNJ/B3nui17rgz8wAdWNJOtzPjkUxw==",
        "dependencies": {
          "Microsoft.Bcl.Cryptography": "10.0.2",
          "Microsoft.IdentityModel.Logging": "8.19.1"
        }
      },
      "NEbml": {
        "type": "Transitive",
        "resolved": "1.1.0.5",
        "contentHash": "svtqDc+hue9kbnqNN2KkK4om/hDrc7K127cNb5FIYfgKgzo+JNDPXNLp8NioCchHhBO3lxWd4Cp/iiZZ3aoUqg=="
      },
      "Polly": {
        "type": "Transitive",
        "resolved": "8.6.4",
        "contentHash": "uuBsDoBw0oYrMe3uTWRjkT2sIkKh+ZZnnDrLb4Z+QANfeA4+7FJacx6E8CY5GAxXRoSgFrvUADEAQ7DPF6fGiw==",
        "dependencies": {
          "Polly.Core": "8.6.4"
        }
      },
      "Polly.Core": {
        "type": "Transitive",
        "resolved": "8.6.4",
        "contentHash": "4AWqYnQ2TME0E+Mzovt1Uu+VyvpR84ymUldMcPw7Mbj799Phaag14CKrMtlJGx5jsvYP+S3oR1QmysgmXoD5cw=="
      },
      "StyleCop.Analyzers.Unstable": {
        "type": "Transitive",
        "resolved": "1.2.0.556",
        "contentHash": "zvn9Mqs/ox/83cpYPignI8hJEM2A93s2HkHs8HYMOAQW0PkampyoErAiIyKxgTLqbbad29HX/shv/6LGSjPJNQ=="
      },
      "System.Security.Cryptography.Pkcs": {
        "type": "Transitive",
        "resolved": "10.0.9",
        "contentHash": "aud6Ox9eSPayMBNu6qL+Zk7yDB6ShrRxg1aMJ1uPqFTGAFVisrjFeKj6RE9SimjNKcbl+chwmiYIK4b3hvc61A=="
      }
    },
    "net9.0": {
      "Duende.IdentityModel.OidcClient": {
        "type": "Direct",
        "requested": "[6.0.1, )",
        "resolved": "6.0.1",
        "contentHash": "9+1O6HKnEpzUAu6/v0h35cwNRNUQa2EbZnbwczO2Nr34MkrDa2BmRKoHV2tOH6VuIv0zAAJohInEIapFZAuplQ==",
        "dependencies": {
          "Duende.IdentityModel": "7.0.0"
        }
      },
      "Jellyfin.Controller": {
        "type": "Direct",
        "requested": "[10.11.0, )",
        "resolved": "10.11.0",
        "contentHash": "WV+PQy9AHdZLvYqUsNq6ZyQoxaiaEWLz0EwZGOiu8xSrepQLFope2U1VFHVCNbARwesg7s/B+9uB03eXDsQw9w==",
        "dependencies": {
          "BitFaster.Caching": "2.5.4",
          "Jellyfin.Common": "10.11.0",
          "Jellyfin.MediaEncoding.Keyframes": "10.11.0",
          "Jellyfin.Model": "10.11.0",
          "Jellyfin.Naming": "10.11.0"
        }
      },
      "Jellyfin.Model": {
        "type": "Direct",
        "requested": "[10.11.0, )",
        "resolved": "10.11.0",
        "contentHash": "h+61RSXn4sk8fS6Zx9RkDyVnI5VnNbrsR2p8WcvybtNSW2pgU2uZ9pwEv2awD3ifX69weqYpQLMh91f6aidW2A==",
        "dependencies": {
          "Jellyfin.Data": "10.11.0",
          "Jellyfin.Extensions": "10.11.0"
        }
      },
      "Meziantou.Analyzer": {
        "type": "Direct",
        "requested": "[3.0.122, )",
        "resolved": "3.0.122",
        "contentHash": "bmo+TIK9fLG/NzlZ2Qi5lto2jG/N6/zmc7gDVp5uzvVmnDKMV5SmUR7jToSbx/oqTPMV3ajyCmo2kFBdPDlU0A=="
      },
      "Microsoft.IdentityModel.JsonWebTokens": {
        "type": "Direct",
        "requested": "[8.19.1, )",
        "resolved": "8.19.1",
        "contentHash": "6eeY+y2QFyjj3XnCz/8gJdoP5smYHTS9ow1bw2nsZzDIPjPhBZlackYTIduSMipVpxnoT/B62LkrXX2jPggOXg==",
        "dependencies": {
          "Microsoft.IdentityModel.Tokens": "8.19.1"
        }
      },
      "Newtonsoft.Json": {
        "type": "Direct",
        "requested": "[13.0.4, )",
        "resolved": "13.0.4",
        "contentHash": "pdgNNMai3zv51W5aq268sujXUyx7SNdE2bj1wZcWjAQrKMFZV260lbqYop1d2GM67JI1huLRwxo9ZqnfF/lC6A=="
      },
      "Roslynator.Analyzers": {
        "type": "Direct",
        "requested": "[4.15.0, )",
        "resolved": "4.15.0",
        "contentHash": "E8fu71Y+vzhniJKy1K13Rzwm8Vjcj7CDFBpflqncKUZfc3SzuF0kMBiyMmgXNPkjWTdE3Z+30HlGgYjHONZY/Q=="
      },
      "SerilogAnalyzer": {
        "type": "Direct",
        "requested": "[0.15.0, )",
        "resolved": "0.15.0",
        "contentHash": "sVpwfls4MfNnwIXLSGCgaUnV+c9kgJ8ia6GsyRcpd4Vs3gLogSDtSYBYrre2K2u/PNMo8GgG09RehwVnze70Tw=="
      },
      "SmartAnalyzers.MultithreadingAnalyzer": {
        "type": "Direct",
        "requested": "[1.1.31, )",
        "resolved": "1.1.31",
        "contentHash": "2f2k7bbhDd132ArglCKpzKoWBcp3uzbIFcb4aosnlqIKlfYKDE2HevBVRNVa+LkWFnjXFFWs47Bo96fu8iS//Q=="
      },
      "StyleCop.Analyzers": {
        "type": "Direct",
        "requested": "[1.2.0-beta.556, )",
        "resolved": "1.2.0-beta.556",
        "contentHash": "llRPgmA1fhC0I0QyFLEcjvtM2239QzKr/tcnbsjArLMJxJlu0AA5G7Fft0OI30pHF3MW63Gf4aSSsjc5m82J1Q==",
        "dependencies": {
          "StyleCop.Analyzers.Unstable": "1.2.0.556"
        }
      },
      "System.Security.Cryptography.Xml": {
        "type": "Direct",
        "requested": "[10.0.9, )",
        "resolved": "10.0.9",
        "contentHash": "RxJRvzbS1rZpGF8389e+TEwTMHIhkNHEUQuAyN2oQkCGsZZ/EKhUUViwteKrs3IeHRzoJPqzB3Z1lJsQg3+Nxg==",
        "dependencies": {
          "System.Security.Cryptography.Pkcs": "10.0.9"
        }
      },
      "BitFaster.Caching": {
        "type": "Transitive",
        "resolved": "2.5.4",
        "contentHash": "1QroTY1PVCZOSG9FnkkCrmCKk/+bZCgI/YXq376HnYwUDJ4Ho0EaV4YaA/5v5WYLnwIwIO7RZkdWbg9pxIpueQ=="
      },
      "Diacritics": {
        "type": "Transitive",
        "resolved": "4.0.17",
        "contentHash": "FmMvVQRsfon+x5P+dxz4mvV8wt45xr25EAOCkuo/Cjtc7lVYV5cZUSsNXwmKQpwO+TokIHpzxb8ENpqrm4yBlQ=="
      },
      "Duende.IdentityModel": {
        "type": "Transitive",
        "resolved": "7.0.0",
        "contentHash": "h6xvWQi9bASgroNh+6Z/BpSUpKTy/sSuc2l4twi0igSY0X0z7Y8eYMGMHB7trwdT56EGlWeXLA6qAb8VOg8ATA=="
      },
      "ICU4N": {
        "type": "Transitive",
        "resolved": "60.1.0-alpha.356",
        "contentHash": "YMZtDnjcqWzziOKiE7w6Ma7Rl5vuFDxzOsUlHh1QyfghbNEIZQOLRs9MMfwCWAjX6n9UitrF6vLXy55Z5q+4Fg==",
        "dependencies": {
          "J2N": "2.0.0"
        }
      },
      "ICU4N.Transliterator": {
        "type": "Transitive",
        "resolved": "60.1.0-alpha.356",
        "contentHash": "lFOSO6bbEtB6HkWMNDJAq+rFwVyi9g6xVc5O/2xHa6iZnV7wLVDqCbaQ4W4vIeBSQZAafqhxciaEkmAvSdzlCg==",
        "dependencies": {
          "ICU4N": "60.1.0-alpha.356"
        }
      },
      "J2N": {
        "type": "Transitive",
        "resolved": "2.0.0",
        "contentHash": "M5bwDajAARZiyqupU+rHQJnsVLxNBOHJ8vKYHd8LcLIb1FgLfzzcJvc31Qo5Xz/GEHFjDF9ScjKL/ks/zRTXuA=="
      },
      "Jellyfin.Common": {
        "type": "Transitive",
        "resolved": "10.11.0",
        "contentHash": "TitN7+qWFt2l0V5b+KTRt7ABDCvfZdvSC6qBG1uHS18Y80xrbrSCJ9O6BH/of310h6a4lxKlQjUtTPHCzeG2AA==",
        "dependencies": {
          "Jellyfin.Model": "10.11.0"
        }
      },
      "Jellyfin.Data": {
        "type": "Transitive",
        "resolved": "10.11.0",
        "contentHash": "YEz7/85b98Rj14IJJIVqmzJsi69LDOKo4Ox+VHbh1vj3tkWomSPayzvG3kyU8I0yFMrd6+Ta55C20kZ2XC7vQg==",
        "dependencies": {
          "Jellyfin.Database.Implementations": "10.11.0"
        }
      },
      "Jellyfin.Database.Implementations": {
        "type": "Transitive",
        "resolved": "10.11.0",
        "contentHash": "oLblVZzqF9zuLMdfqp8pbusSVQq6b40/RcHjGF1hxYozVNEi+UhiDX8aJipYBOrh33FFAofoQq468BvZixpPcw==",
        "dependencies": {
          "Microsoft.EntityFrameworkCore.Relational": "9.0.10",
          "Polly": "8.6.4"
        }
      },
      "Jellyfin.Extensions": {
        "type": "Transitive",
        "resolved": "10.11.0",
        "contentHash": "1ufj+Rm0Bn6C990i2wwiT5UHPZfD65GOtJK6NcDU//DDMbuoGX1LQZxuCx+rhhRg1XdHPWzYASARYyNlFQa6cg==",
        "dependencies": {
          "Diacritics": "4.0.17",
          "ICU4N.Transliterator": "60.1.0-alpha.356"
        }
      },
      "Jellyfin.MediaEncoding.Keyframes": {
        "type": "Transitive",
        "resolved": "10.11.0",
        "contentHash": "/OBcg4Qj825elOGNj5bNRfABKzfAf4qNQj0/d/DwhG/+V/wsKuxS0Pc/xOEagVVjXOnqGPZz/+k8D4UvnvMoHw==",
        "dependencies": {
          "NEbml": "1.1.0.5"
        }
      },
      "Jellyfin.Naming": {
        "type": "Transitive",
        "resolved": "10.11.0",
        "contentHash": "2++xSbhdFSb1J3XySjC6UU+uII6OdKc0DfkYx/E1oN7mSjoftyZR8eU045kVWBwsAxr+UcMI6t2DYfES2tJkRA==",
        "dependencies": {
          "Jellyfin.Common": "10.11.0",
          "Jellyfin.Model": "10.11.0"
        }
      },
      "Microsoft.Bcl.Cryptography": {
        "type": "Transitive",
        "resolved": "10.0.9",
        "contentHash": "iSljz/oaqFzH7c4mNKwYt8GqK1mxoDMgP0wliKaEF9TejFxyZ3acLopin1v5PAQIa9GE0flOESkwOnik83X0YA=="
      },
      "Microsoft.EntityFrameworkCore": {
        "type": "Transitive",
        "resolved": "9.0.10",
        "contentHash": "WjjxVyOTVs85V7SUe+lZjtGOEeVzF4RO8amrqL4adgbyThNq7vGCFzPw8buZj44gHeQYD5V/uZ/6XuqG9Jq+kA==",
        "dependencies": {
          "Microsoft.EntityFrameworkCore.Abstractions": "9.0.10",
          "Microsoft.EntityFrameworkCore.Analyzers": "9.0.10"
        }
      },
      "Microsoft.EntityFrameworkCore.Abstractions": {
        "type": "Transitive",
        "resolved": "9.0.10",
        "contentHash": "I3TWAs5Lbzmzu8S0T6qXhzBiO3CznYLrfE59W0npkqNHfWGH8CgA66LrHMWxWOXVTD4145QwYqiWNCdLwpJ1Ew=="
      },
      "Microsoft.EntityFrameworkCore.Analyzers": {
        "type": "Transitive",
        "resolved": "9.0.10",
        "contentHash": "mXNl0Gg3l3zGrClLCHepB+b7rYVuFfB9qQJwya0dUSHFuR1T0jMD8KxuNVyhQSfoWIepanhzjcG8TUNGXOcU0Q=="
      },
      "Microsoft.EntityFrameworkCore.Relational": {
        "type": "Transitive",
        "resolved": "9.0.10",
        "contentHash": "IJNrG5vdmFUvHR8FLLFg9AWpuE8qW1DTEN+fNLGbNTu6cnpZzzqU6+aknAGtTSAEVWosJ3BZ3TOO9wpifUvv3A==",
        "dependencies": {
          "Microsoft.EntityFrameworkCore": "9.0.10"
        }
      },
      "Microsoft.IdentityModel.Abstractions": {
        "type": "Transitive",
        "resolved": "8.19.1",
        "contentHash": "gFA8THIk23uNF/vMdOHnjIdXD1LyA2g12cHzMJ+Xag6WpgWLw6E/6uCXxvA0gp9d2yAvkRt3xzFzMUiO/hofnQ=="
      },
      "Microsoft.IdentityModel.Logging": {
        "type": "Transitive",
        "resolved": "8.19.1",
        "contentHash": "H+sMrMpdbWnwkQnpb/ESkQovtOgdefmj0ecGCcP40mDKzE5i4dUYkH6599M9mWYFNGNJnTp92l/9wLubYXWimw==",
        "dependencies": {
          "Microsoft.IdentityModel.Abstractions": "8.19.1"
        }
      },
      "Microsoft.IdentityModel.Tokens": {
        "type": "Transitive",
        "resolved": "8.19.1",
        "contentHash": "KDiuSLXud2AFVNAOottd8ztVysfPeHyr4r8gofU3/VKUXlI7oytzGTnPsNJ/B3nui17rgz8wAdWNJOtzPjkUxw==",
        "dependencies": {
          "Microsoft.Bcl.Cryptography": "10.0.2",
          "Microsoft.IdentityModel.Logging": "8.19.1"
        }
      },
      "NEbml": {
        "type": "Transitive",
        "resolved": "1.1.0.5",
        "contentHash": "svtqDc+hue9kbnqNN2KkK4om/hDrc7K127cNb5FIYfgKgzo+JNDPXNLp8NioCchHhBO3lxWd4Cp/iiZZ3aoUqg=="
      },
      "Polly": {
        "type": "Transitive",
        "resolved": "8.6.4",
        "contentHash": "uuBsDoBw0oYrMe3uTWRjkT2sIkKh+ZZnnDrLb4Z+QANfeA4+7FJacx6E8CY5GAxXRoSgFrvUADEAQ7DPF6fGiw==",
        "dependencies": {
          "Polly.Core": "8.6.4"
        }
      },
      "Polly.Core": {
        "type": "Transitive",
        "resolved": "8.6.4",
        "contentHash": "4AWqYnQ2TME0E+Mzovt1Uu+VyvpR84ymUldMcPw7Mbj799Phaag14CKrMtlJGx5jsvYP+S3oR1QmysgmXoD5cw=="
      },
      "StyleCop.Analyzers.Unstable": {
        "type": "Transitive",
        "resolved": "1.2.0.556",
        "contentHash": "zvn9Mqs/ox/83cpYPignI8hJEM2A93s2HkHs8HYMOAQW0PkampyoErAiIyKxgTLqbbad29HX/shv/6LGSjPJNQ=="
      },
      "System.Formats.Asn1": {
        "type": "Transitive",
        "resolved": "10.0.9",
        "contentHash": "8bZO8fKrV3yzHt28pJleimT66buB+xSHxqQl2wOa6IYfn6JQ6VUVh9cdpBTb4mwgAVu7IuX2EW1wywBhXKyeJA=="
      },
      "System.Security.Cryptography.Pkcs": {
        "type": "Transitive",
        "resolved": "10.0.9",
        "contentHash": "aud6Ox9eSPayMBNu6qL+Zk7yDB6ShrRxg1aMJ1uPqFTGAFVisrjFeKj6RE9SimjNKcbl+chwmiYIK4b3hvc61A==",
        "dependencies": {
          "Microsoft.Bcl.Cryptography": "10.0.9",
          "System.Formats.Asn1": "10.0.9"
        }
      }
    }
  }
}